// !$*UTF8*$!
{
	archiveVersion = 1;
	classes = {
	};
	objectVersion = 46;
	objects = {

/* Begin PBXBuildFile section */
		DBB620D41F10DC8700DC32DF /* AppDelegate.swift in Sources */ = {isa = PBXBuildFile; fileRef = DBB620D31F10DC8700DC32DF /* AppDelegate.swift */; };
		DBB620D61F10DC8700DC32DF /* ViewController.swift in Sources */ = {isa = PBXBuildFile; fileRef = DBB620D51F10DC8700DC32DF /* ViewController.swift */; };
		DBB620D91F10DC8700DC32DF /* Main.storyboard in Resources */ = {isa = PBXBuildFile; fileRef = DBB620D71F10DC8700DC32DF /* Main.storyboard */; };
		DBB620DB1F10DC8700DC32DF /* Assets.xcassets in Resources */ = {isa = PBXBuildFile; fileRef = DBB620DA1F10DC8700DC32DF /* Assets.xcassets */; };
		DBB620DE1F10DC8700DC32DF /* LaunchScreen.storyboard in Resources */ = {isa = PBXBuildFile; fileRef = DBB620DC1F10DC8700DC32DF /* LaunchScreen.storyboard */; };
/* End PBXBuildFile section */

/* Begin PBXFileReference section */
		DBB620D01F10DC8700DC32DF /* VetEks Leaderboard.app */ = {isa = PBXFileReference; explicitFileType = wrapper.application; includeInIndex = 0; path = "VetEks Leaderboard.app"; sourceTree = BUILT_PRODUCTS_DIR; };
		DBB620D31F10DC8700DC32DF /* AppDelegate.swift */ = {isa = PBXFileReference; lastKnownFileType = sourcecode.swift; path = AppDelegate.swift; sourceTree = "<group>"; };
		DBB620D51F10DC8700DC32DF /* ViewController.swift */ = {isa = PBXFileReference; lastKnownFileType = sourcecode.swift; path = ViewController.swift; sourceTree = "<group>"; };
		DBB620D81F10DC8700DC32DF /* Base */ = {isa = PBXFileReference; lastKnownFileType = file.storyboard; name = Base; path = Base.lproj/Main.storyboard; sourceTree = "<group>"; };
		DBB620DA1F10DC8700DC32DF /* Assets.xcassets */ = {isa = PBXFileReference; lastKnownFileType = folder.assetcatalog; path = Assets.xcassets; sourceTree = "<group>"; };
		DBB620DD1F10DC8700DC32DF /* Base */ = {isa = PBXFileReference; lastKnownFileType = file.storyboard; name = Base; path = Base.lproj/LaunchScreen.storyboard; sourceTree = "<group>"; };
		DBB620DF1F10DC8700DC32DF /* Info.plist */ = {isa = PBXFileReference; lastKnownFileType = text.plist.xml; path = Info.plist; sourceTree = "<group>"; };
/* End PBXFileReference section */

/* Begin PBXFrameworksBuildPhase section */
		DBB620CD1F10DC8700DC32DF /* Frameworks */ = {
			isa = PBXFrameworksBuildPhase;
			buildActionMask = 2147483647;
			files = (
			);
			runOnlyForDeploymentPostprocessing = 0;
		};
/* End PBXFrameworksBuildPhase section */

/* Begin PBXGroup section */
		DBB620C71F10DC8700DC32DF = {
			isa = PBXGroup;
			children = (
				DBB620D21F10DC8700DC32DF /* VetEks Leaderboard */,
				DBB620D11F10DC8700DC32DF /* Products */,
			);
			sourceTree = "<group>";
		};
		DBB620D11F10DC8700DC32DF /* Products */ = {
			isa = PBXGroup;
			children = (
				DBB620D01F10DC8700DC32DF /* VetEks Leaderboard.app */,
			);
			name = Products;
			sourceTree = "<group>";
		};
		DBB620D21F10DC8700DC32DF /* VetEks Leaderboard */ = {
			isa = PBXGroup;
			children = (
				DBB620D31F10DC8700DC32DF /* AppDelegate.swift */,
				DBB620D51F10DC8700DC32DF /* ViewController.swift */,
				DBB620D71F10DC8700DC32DF /* Main.storyboard */,
				DBB620DA1F10DC8700DC32DF /* Assets.xcassets */,
				DBB620DC1F10DC8700DC32DF /* LaunchScreen.storyboard */,
				DBB620DF1F10DC8700DC32DF /* Info.plist */,
			);
			path = "VetEks Leaderboard";
			sourceTree = "<group>";
		};
/* End PBXGroup section */

/* Begin PBXNativeTarget section */
		DBB620CF1F10DC8700DC32DF /* VetEks Leaderboard */ = {
			isa = PBXNativeTarget;
			buildConfigurationList = DBB620E21F10DC8800DC32DF /* Build configuration list for PBXNativeTarget "VetEks Leaderboard" */;
			buildPhases = (
				DBB620CC1F10DC8700DC32DF /* Sources */,
				DBB620CD1F10DC8700DC32DF /* Frameworks */,
				DBB620CE1F10DC8700DC32DF /* Resources */,
			);
			buildRules = (
			);
			dependencies = (
			);
			name = "VetEks Leaderboard";
			productName = "VetEks Leaderboard";
			productReference = DBB620D01F10DC8700DC32DF /* VetEks Leaderboard.app */;
			productType = "com.apple.product-type.application";
		};
/* End PBXNativeTarget section */

/* Begin PBXProject section */
		DBB620C81F10DC8700DC32DF /* Project object */ = {
			isa = PBXProject;
			attributes = {
				LastSwiftUpdateCheck = 0830;
				LastUpgradeCheck = 0830;
				ORGANIZATIONNAME = "Duane Jordaan";
				TargetAttributes = {
					DBB620CF1F10DC8700DC32DF = {
						CreatedOnToolsVersion = 8.3.3;
						ProvisioningStyle = Automatic;
					};
				};
			};
			buildConfigurationList = DBB620CB1F10DC8700DC32DF /* Build configuration list for PBXProject "VetEks Leaderboard" */;
			compatibilityVersion = "Xcode 3.2";
			developmentRegion = English;
			hasScannedForEncodings = 0;
			knownRegions = (
				en,
				Base,
			);
			mainGroup = DBB620C71F10DC8700DC32DF;
			productRefGroup = DBB620D11F10DC8700DC32DF /* Products */;
			projectDirPath = "";
			projectRoot = "";
			targets = (
				DBB620CF1F10DC8700DC32DF /* VetEks Leaderboard */,
			);
		};
/* End PBXProject section */

/* Begin PBXResourcesBuildPhase section */
		DBB620CE1F10DC8700DC32DF /* Resources */ = {
			isa = PBXResourcesBuildPhase;
			buildActionMask = 2147483647;
			files = (
				DBB620DE1F10DC8700DC32DF /* LaunchScreen.storyboard in Resources */,
				DBB620DB1F10DC8700DC32DF /* Assets.xcassets in Resources */,
				DBB620D91F10DC8700DC32DF /* Main.storyboard in Resources */,
			);
			runOnlyForDeploymentPostprocessing = 0;
		};
/* End PBXResourcesBuildPhase section */

/* Begin PBXSourcesBuildPhase section */
		DBB620CC1F10DC8700DC32DF /* Sources */ = {
			isa = PBXSourcesBuildPhase;
			buildActionMask = 2147483647;
			files = (
				DBB620D61F10DC8700DC32DF /* ViewController.swift in Sources */,
				DBB620D41F10DC8700DC32DF /* AppDelegate.swift in Sources */,
			);
			runOnlyForDeploymentPostprocessing = 0;
		};
/* End PBXSourcesBuildPhase section */

/* Begin PBXVariantGroup section */
		DBB620D71F10DC8700DC32DF /* Main.storyboard */ = {
			isa = PBXVariantGroup;
			children = (
				DBB620D81F10DC8700DC32DF /* Base */,
			);
			name = Main.storyboard;
			sourceTree = "<group>";
		};
		DBB620DC1F10DC8700DC32DF /* LaunchScreen.storyboard */ = {
			isa = PBXVariantGroup;
			children = (
				DBB620DD1F10DC8700DC32DF /* Base */,
			);
			name = LaunchScreen.storyboard;
			sourceTree = "<group>";
		};
/* End PBXVariantGroup section */

/* Begin XCBuildConfiguration section */
		DBB620E01F10DC8800DC32DF /* Debug */ = {
			isa = XCBuildConfiguration;
			buildSettings = {
				ALWAYS_SEARCH_USER_PATHS = NO;
				CLANG_ANALYZER_NONNULL = YES;
				CLANG_ANALYZER_NUMBER_OBJECT_CONVERSION = YES_AGGRESSIVE;
				CLANG_CXX_LANGUAGE_STANDARD = "gnu++0x";
				CLANG_CXX_LIBRARY = "libc++";
				CLANG_ENABLE_MODULES = YES;
				CLANG_ENABLE_OBJC_ARC = YES;
				CLANG_WARN_BOOL_CONVERSION = YES;
				CLANG_WARN_CONSTANT_CONVERSION = YES;
				CLANG_WARN_DIRECT_OBJC_ISA_USAGE = YES_ERROR;
				CLANG_WARN_DOCUMENTATION_COMMENTS = YES;
				CLANG_WARN_EMPTY_BODY = YES;
				CLANG_WARN_ENUM_CONVERSION = YES;
				CLANG_WARN_INFINITE_RECURSION = YES;
				CLANG_WARN_INT_CONVERSION = YES;
				CLANG_WARN_OBJC_ROOT_CLASS = YES_ERROR;
				CLANG_WARN_SUSPICIOUS_MOVE = YES;
				CLANG_WARN_UNREACHABLE_CODE = YES;
				CLANG_WARN__DUPLICATE_METHOD_MATCH = YES;
				"CODE_SIGN_IDENTITY[sdk=iphoneos*]" = "iPhone Developer";
				COPY_PHASE_STRIP = NO;
				DEBUG_INFORMATION_FORMAT = dwarf;
				ENABLE_STRICT_OBJC_MSGSEND = YES;
				ENABLE_TESTABILITY = YES;
				GCC_C_LANGUAGE_STANDARD = gnu99;
				GCC_DYNAMIC_NO_PIC = NO;
				GCC_NO_COMMON_BLOCKS = YES;
				GCC_OPTIMIZATION_LEVEL = 0;
				GCC_PREPROCESSOR_DEFINITIONS = (
					"DEBUG=1",
					"$(inherited)",
				);
				GCC_WARN_64_TO_32_BIT_CONVERSION = YES;
				GCC_WARN_ABOUT_RETURN_TYPE = YES_ERROR;
				GCC_WARN_UNDECLARED_SELECTOR = YES;
				GCC_WARN_UNINITIALIZED_AUTOS = YES_AGGRESSIVE;
				GCC_WARN_UNUSED_FUNCTION = YES;
				GCC_WARN_UNUSED_VARIABLE = YES;
				IPHONEOS_DEPLOYMENT_TARGET = 10.3;
				MTL_ENABLE_DEBUG_INFO = YES;
				ONLY_ACTIVE_ARCH = YES;
				SDKROOT = iphoneos;
				SWIFT_ACTIVE_COMPILATION_CONDITIONS = DEBUG;
				SWIFT_OPTIMIZATION_LEVEL = "-Onone";
				TARGETED_DEVICE_FAMILY = "1,2";
			};
			name = Debug;
		};
		DBB620E11F10DC8800DC32DF /* Release */ = {
			isa = XCBuildConfiguration;
			buildSettings = {
				ALWAYS_SEARCH_USER_PATHS = NO;
				CLANG_ANALYZER_NONNULL = YES;
				CLANG_ANALYZER_NUMBER_OBJECT_CONVERSION = YES_AGGRESSIVE;
				CLANG_CXX_LANGUAGE_STANDARD = "gnu++0x";
				CLANG_CXX_LIBRARY = "libc++";
				CLANG_ENABLE_MODULES = YES;
				CLANG_ENABLE_OBJC_ARC = YES;
				CLANG_WARN_BOOL_CONVERSION = YES;
				CLANG_WARN_CONSTANT_CONVERSION = YES;
				CLANG_WARN_DIRECT_OBJC_ISA_USAGE = YES_ERROR;
				CLANG_WARN_DOCUMENTATION_COMMENTS = YES;
				CLANG_WARN_EMPTY_BODY = YES;
				CLANG_WARN_ENUM_CONVERSION = YES;
				CLANG_WARN_INFINITE_RECURSION = YES;
				CLANG_WARN_INT_CONVERSION = YES;
				CLANG_WARN_OBJC_ROOT_CLASS = YES_ERROR;
				CLANG_WARN_SUSPICIOUS_MOVE = YES;
				CLANG_WARN_UNREACHABLE_CODE = YES;
				CLANG_WARN__DUPLICATE_METHOD_MATCH = YES;
				"CODE_SIGN_IDENTITY[sdk=iphoneos*]" = "iPhone Developer";
				COPY_PHASE_STRIP = NO;
				DEBUG_INFORMATION_FORMAT = "dwarf-with-dsym";
				ENABLE_NS_ASSERTIONS = NO;
				ENABLE_STRICT_OBJC_MSGSEND = YES;
				GCC_C_LANGUAGE_STANDARD = gnu99;
				GCC_NO_COMMON_BLOCKS = YES;
				GCC_WARN_64_TO_32_BIT_CONVERSION = YES;
				GCC_WARN_ABOUT_RETURN_TYPE = YES_ERROR;
				GCC_WARN_UNDECLARED_SELECTOR = YES;
				GCC_WARN_UNINITIALIZED_AUTOS = YES_AGGRESSIVE;
				GCC_WARN_UNUSED_FUNCTION = YES;
				GCC_WARN_UNUSED_VARIABLE = YES;
				IPHONEOS_DEPLOYMENT_TARGET = 10.3;
				MTL_ENABLE_DEBUG_INFO = NO;
				SDKROOT = iphoneos;
				SWIFT_OPTIMIZATION_LEVEL = "-Owholemodule";
				TARGETED_DEVICE_FAMILY = "1,2";
				VALIDATE_PRODUCT = YES;
			};
			name = Release;
		};
		DBB620E31F10DC8800DC32DF /* Debug */ = {
			isa = XCBuildConfiguration;
			buildSettings = {
				ASSETCATALOG_COMPILER_APPICON_NAME = AppIcon;
				INFOPLIST_FILE = "VetEks Leaderboard/Info.plist";
				LD_RUNPATH_SEARCH_PATHS = "$(inherited) @executable_path/Frameworks";
				PRODUCT_BUNDLE_IDENTIFIER = "co.za.sdcapital.VetEks-Leaderboard";
				PRODUCT_NAME = "$(TARGET_NAME)";
				SWIFT_VERSION = 3.0;
			};
			name = Debug;
		};
		DBB620E41F10DC8800DC32DF /* Release */ = {
			isa = XCBuildConfiguration;
			buildSettings = {
				ASSETCATALOG_COMPILER_APPICON_NAME = AppIcon;
				INFOPLIST_FILE = "VetEks Leaderboard/Info.plist";
				LD_RUNPATH_SEARCH_PATHS = "$(inherited) @executable_path/Frameworks";
				PRODUCT_BUNDLE_IDENTIFIER = "co.za.sdcapital.VetEks-Leaderboard";
				PRODUCT_NAME = "$(TARGET_NAME)";
				SWIFT_VERSION = 3.0;
			};
			name = Release;
		};
/* End XCBuildConfiguration section */

/* Begin XCConfigurationList section */
		DBB620CB1F10DC8700DC32DF /* Build configuration list for PBXProject "VetEks Leaderboard" */ = {
			isa = XCConfigurationList;
			buildConfigurations = (
				DBB620E01F10DC8800DC32DF /* Debug */,
				DBB620E11F10DC8800DC32DF /* Release */,
			);
			defaultConfigurationIsVisible = 0;
			defaultConfigurationName = Release;
		};
		DBB620E21F10DC8800DC32DF /* Build configuration list for PBXNativeTarget "VetEks Leaderboard" */ = {
			isa = XCConfigurationList;
			buildConfigurations = (
				DBB620E31F10DC8800DC32DF /* Debug */,
				DBB620E41F10DC8800DC32DF /* Release */,
			);
			defaultConfigurationIsVisible = 0;
		};
/* End XCConfigurationList section */
	};
	rootObject = DBB620C81F10DC8700DC32DF /* Project object */;
}
